
Microsoft Visual Studio Solution File, Format Version 12.00
# Visual Studio 14
VisualStudioVersion = 14.0.25123.0
MinimumVisualStudioVersion = 10.0.40219.1
Project("{FAE04EC0-301F-11D3-BF4B-00C04F79EFBC}") = "DesEncrypt", "DesEncrypt\DesEncrypt.csproj", "{DA289245-499D-4ACD-A603-7F2289DA2A34}"
EndProject
Project("{2150E333-8FDC-42A3-9474-1A3956D46DE8}") = "Solution Items", "Solution Items", "{DC095F85-1D42-48CA-A913-941886812449}"
	ProjectSection(SolutionItems) = preProject
		LICENSE = LICENSE
		README.md = README.md
	EndProjectSection
EndProject
Project("{FAE04EC0-301F-11D3-BF4B-00C04F79EFBC}") = "ResPacker", "ResPacker\ResPacker.csproj", "{6E39AF32-826D-450D-8737-16CA8608843D}"
EndProject
Project("{FAE04EC0-301F-11D3-BF4B-00C04F79EFBC}") = "UnreadableNames", "UnreadableNames\UnreadableNames.csproj", "{08F6C590-774B-4141-8457-6BA33FDC45BB}"
EndProject
Project("{FAE04EC0-301F-11D3-BF4B-00C04F79EFBC}") = "AntiDebug", "AntiDebug\AntiDebug.csproj", "{1F19F2F9-A4B4-4636-A7E7-9BD04C355C56}"
EndProject
Global
	GlobalSection(SolutionConfigurationPlatforms) = preSolution
		Debug|Any CPU = Debug|Any CPU
		Release|Any CPU = Release|Any CPU
	EndGlobalSection
	GlobalSection(ProjectConfigurationPlatforms) = postSolution
		{DA289245-499D-4ACD-A603-7F2289DA2A34}.Debug|Any CPU.ActiveCfg = Debug|Any CPU
		{DA289245-499D-4ACD-A603-7F2289DA2A34}.Debug|Any CPU.Build.0 = Debug|Any CPU
		{DA289245-499D-4ACD-A603-7F2289DA2A34}.Release|Any CPU.ActiveCfg = Release|Any CPU
		{DA289245-499D-4ACD-A603-7F2289DA2A34}.Release|Any CPU.Build.0 = Release|Any CPU
		{6E39AF32-826D-450D-8737-16CA8608843D}.Debug|Any CPU.ActiveCfg = Debug|Any CPU
		{6E39AF32-826D-450D-8737-16CA8608843D}.Debug|Any CPU.Build.0 = Debug|Any CPU
		{6E39AF32-826D-450D-8737-16CA8608843D}.Release|Any CPU.ActiveCfg = Release|Any CPU
		{6E39AF32-826D-450D-8737-16CA8608843D}.Release|Any CPU.Build.0 = Release|Any CPU
		{08F6C590-774B-4141-8457-6BA33FDC45BB}.Debug|Any CPU.ActiveCfg = Debug|Any CPU
		{08F6C590-774B-4141-8457-6BA33FDC45BB}.Debug|Any CPU.Build.0 = Debug|Any CPU
		{08F6C590-774B-4141-8457-6BA33FDC45BB}.Release|Any CPU.ActiveCfg = Release|Any CPU
		{08F6C590-774B-4141-8457-6BA33FDC45BB}.Release|Any CPU.Build.0 = Release|Any CPU
		{1F19F2F9-A4B4-4636-A7E7-9BD04C355C56}.Debug|Any CPU.ActiveCfg = Debug|Any CPU
		{1F19F2F9-A4B4-4636-A7E7-9BD04C355C56}.Debug|Any CPU.Build.0 = Debug|Any CPU
		{1F19F2F9-A4B4-4636-A7E7-9BD04C355C56}.Release|Any CPU.ActiveCfg = Release|Any CPU
		{1F19F2F9-A4B4-4636-A7E7-9BD04C355C56}.Release|Any CPU.Build.0 = Release|Any CPU
	EndGlobalSection
	GlobalSection(SolutionProperties) = preSolution
		HideSolutionNode = FALSE
	EndGlobalSection
EndGlobal
